
Microsoft Visual Studio Solution File, Format Version 12.00
# Visual Studio Version 17
VisualStudioVersion = 17.11.35219.272
MinimumVisualStudioVersion = 10.0.40219.1
Project("{FAE04EC0-301F-11D3-BF4B-00C04F79EFBC}") = "PrimeiraAPI", "PrimeiraAPI.csproj", "{0E9EC25D-89F1-48AE-AF2C-88983F38F38A}"
EndProject
Global
	GlobalSection(SolutionConfigurationPlatforms) = preSolution
		Debug|Any CPU = Debug|Any CPU
		Release|Any CPU = Release|Any CPU
	EndGlobalSection
	GlobalSection(ProjectConfigurationPlatforms) = postSolution
		{0E9EC25D-89F1-48AE-AF2C-88983F38F38A}.Debug|Any CPU.ActiveCfg = Debug|Any CPU
		{0E9EC25D-89F1-48AE-AF2C-88983F38F38A}.Debug|Any CPU.Build.0 = Debug|Any CPU
		{0E9EC25D-89F1-48AE-AF2C-88983F38F38A}.Release|Any CPU.ActiveCfg = Release|Any CPU
		{0E9EC25D-89F1-48AE-AF2C-88983F38F38A}.Release|Any CPU.Build.0 = Release|Any CPU
	EndGlobalSection
	GlobalSection(SolutionProperties) = preSolution
		HideSolutionNode = FALSE
	EndGlobalSection
	GlobalSection(ExtensibilityGlobals) = postSolution
		SolutionGuid = {9E466961-533B-4833-86A2-893A22C3F09D}
	EndGlobalSection
EndGlobal
